
Microsoft Visual Studio Solution File, Format Version 12.00
# Visual Studio Version 17
VisualStudioVersion = 17.7.34221.43
MinimumVisualStudioVersion = 10.0.40219.1
Project("{9A19103F-16F7-4668-BE54-9A1E7A4F7556}") = "Kimphat", "Kimphat\Kimphat.csproj", "{6220FA0F-6FD2-4FB0-9561-B19BE5489F86}"
EndProject
Project("{2150E333-8FDC-42A3-9474-1A3956D46DE8}") = "Solution Items", "Solution Items", "{23ADFBEF-19EE-4C8F-8E8B-64BEFD3514D7}"
	ProjectSection(SolutionItems) = preProject
		.editorconfig = .editorconfig
	EndProjectSection
EndProject
Global
	GlobalSection(SolutionConfigurationPlatforms) = preSolution
		Debug|Any CPU = Debug|Any CPU
		Release|Any CPU = Release|Any CPU
	EndGlobalSection
	GlobalSection(ProjectConfigurationPlatforms) = postSolution
		{6220FA0F-6FD2-4FB0-9561-B19BE5489F86}.Debug|Any CPU.ActiveCfg = Debug|Any CPU
		{6220FA0F-6FD2-4FB0-9561-B19BE5489F86}.Debug|Any CPU.Build.0 = Debug|Any CPU
		{6220FA0F-6FD2-4FB0-9561-B19BE5489F86}.Release|Any CPU.ActiveCfg = Release|Any CPU
		{6220FA0F-6FD2-4FB0-9561-B19BE5489F86}.Release|Any CPU.Build.0 = Release|Any CPU
	EndGlobalSection
	GlobalSection(SolutionProperties) = preSolution
		HideSolutionNode = FALSE
	EndGlobalSection
	GlobalSection(ExtensibilityGlobals) = postSolution
		SolutionGuid = {DA7A12F2-D243-4649-A0E3-107F4796FDF3}
	EndGlobalSection
EndGlobal
